
Microsoft Visual Studio Solution File, Format Version 12.00
# Visual Studio 15
VisualStudioVersion = 15.0.28307.421
MinimumVisualStudioVersion = 10.0.40219.1
Project("{FAE04EC0-301F-11D3-BF4B-00C04F79EFBC}") = "FlinFlon Airlines", "FlinFlon Airlines\FlinFlon Airlines.csproj", "{260CB1AA-17AE-4E8B-BBF2-3428484A9E98}"
EndProject
Global
	GlobalSection(SolutionConfigurationPlatforms) = preSolution
		Debug|Any CPU = Debug|Any CPU
		Release|Any CPU = Release|Any CPU
	EndGlobalSection
	GlobalSection(ProjectConfigurationPlatforms) = postSolution
		{260CB1AA-17AE-4E8B-BBF2-3428484A9E98}.Debug|Any CPU.ActiveCfg = Debug|Any CPU
		{260CB1AA-17AE-4E8B-BBF2-3428484A9E98}.Debug|Any CPU.Build.0 = Debug|Any CPU
		{260CB1AA-17AE-4E8B-BBF2-3428484A9E98}.Release|Any CPU.ActiveCfg = Release|Any CPU
		{260CB1AA-17AE-4E8B-BBF2-3428484A9E98}.Release|Any CPU.Build.0 = Release|Any CPU
	EndGlobalSection
	GlobalSection(SolutionProperties) = preSolution
		HideSolutionNode = FALSE
	EndGlobalSection
	GlobalSection(ExtensibilityGlobals) = postSolution
		SolutionGuid = {15229027-C0BE-4257-99FE-4B02CA1DBD47}
	EndGlobalSection
EndGlobal
